
Microsoft Visual Studio Solution File, Format Version 12.00
# Visual Studio Version 17
VisualStudioVersion = 17.9.34728.123
MinimumVisualStudioVersion = 10.0.40219.1
Project("{9A19103F-16F7-4668-BE54-9A1E7A4F7556}") = "CardConnect.iOS", "CardConnect.iOS\CardConnect\CardConnect.iOS.csproj", "{1B3AF1F8-0794-404F-99F3-1D777681BE9C}"
EndProject
Global
	GlobalSection(SolutionConfigurationPlatforms) = preSolution
		Debug|Any CPU = Debug|Any CPU
		Release|Any CPU = Release|Any CPU
	EndGlobalSection
	GlobalSection(ProjectConfigurationPlatforms) = postSolution
		{1B3AF1F8-0794-404F-99F3-1D777681BE9C}.Debug|Any CPU.ActiveCfg = Debug|Any CPU
		{1B3AF1F8-0794-404F-99F3-1D777681BE9C}.Debug|Any CPU.Build.0 = Debug|Any CPU
		{1B3AF1F8-0794-404F-99F3-1D777681BE9C}.Release|Any CPU.ActiveCfg = Release|Any CPU
		{1B3AF1F8-0794-404F-99F3-1D777681BE9C}.Release|Any CPU.Build.0 = Release|Any CPU
	EndGlobalSection
	GlobalSection(SolutionProperties) = preSolution
		HideSolutionNode = FALSE
	EndGlobalSection
	GlobalSection(ExtensibilityGlobals) = postSolution
		SolutionGuid = {5FAD3D43-AEED-4432-87E1-9125F1D50F32}
	EndGlobalSection
EndGlobal
